
Microsoft Visual Studio Solution File, Format Version 12.00
# Visual Studio Version 17
VisualStudioVersion = 17.13.35931.197
MinimumVisualStudioVersion = 10.0.40219.1
Project("{FAE04EC0-301F-11D3-BF4B-00C04F79EFBC}") = "ECareClinicAPI", "ECareClinicAPI\ECareClinicAPI.csproj", "{5128C7F3-1497-49BB-9DFC-83465EE8D65A}"
EndProject
Project("{FAE04EC0-301F-11D3-BF4B-00C04F79EFBC}") = "ECareClinic.Core", "ECareClinic.Core\ECareClinic.Core.csproj", "{EAF51F2E-4410-4D37-96D5-1E04368750BC}"
EndProject
Project("{FAE04EC0-301F-11D3-BF4B-00C04F79EFBC}") = "ECareClinic.Infrastructure", "ECareClinic.Infrastructure\ECareClinic.Infrastructure.csproj", "{6D571C9B-1175-4802-9F17-E7DE80E02DB8}"
EndProject
Global
	GlobalSection(SolutionConfigurationPlatforms) = preSolution
		Debug|Any CPU = Debug|Any CPU
		Release|Any CPU = Release|Any CPU
	EndGlobalSection
	GlobalSection(ProjectConfigurationPlatforms) = postSolution
		{5128C7F3-1497-49BB-9DFC-83465EE8D65A}.Debug|Any CPU.ActiveCfg = Debug|Any CPU
		{5128C7F3-1497-49BB-9DFC-83465EE8D65A}.Debug|Any CPU.Build.0 = Debug|Any CPU
		{5128C7F3-1497-49BB-9DFC-83465EE8D65A}.Release|Any CPU.ActiveCfg = Release|Any CPU
		{5128C7F3-1497-49BB-9DFC-83465EE8D65A}.Release|Any CPU.Build.0 = Release|Any CPU
		{EAF51F2E-4410-4D37-96D5-1E04368750BC}.Debug|Any CPU.ActiveCfg = Debug|Any CPU
		{EAF51F2E-4410-4D37-96D5-1E04368750BC}.Debug|Any CPU.Build.0 = Debug|Any CPU
		{EAF51F2E-4410-4D37-96D5-1E04368750BC}.Release|Any CPU.ActiveCfg = Release|Any CPU
		{EAF51F2E-4410-4D37-96D5-1E04368750BC}.Release|Any CPU.Build.0 = Release|Any CPU
		{6D571C9B-1175-4802-9F17-E7DE80E02DB8}.Debug|Any CPU.ActiveCfg = Debug|Any CPU
		{6D571C9B-1175-4802-9F17-E7DE80E02DB8}.Debug|Any CPU.Build.0 = Debug|Any CPU
		{6D571C9B-1175-4802-9F17-E7DE80E02DB8}.Release|Any CPU.ActiveCfg = Release|Any CPU
		{6D571C9B-1175-4802-9F17-E7DE80E02DB8}.Release|Any CPU.Build.0 = Release|Any CPU
	EndGlobalSection
	GlobalSection(SolutionProperties) = preSolution
		HideSolutionNode = FALSE
	EndGlobalSection
	GlobalSection(ExtensibilityGlobals) = postSolution
		SolutionGuid = {54799575-D78B-49C3-9627-9148878D7A27}
	EndGlobalSection
EndGlobal
